
Microsoft Visual Studio Solution File, Format Version 12.00
# Visual Studio Version 16
VisualStudioVersion = 16.0.29609.76
MinimumVisualStudioVersion = 10.0.40219.1
Project("{FAE04EC0-301F-11D3-BF4B-00C04F79EFBC}") = "WpfApp1", "WpfApp1\WpfApp1.csproj", "{D5AE6267-6786-4782-B465-988C6A561166}"
EndProject
Global
	GlobalSection(SolutionConfigurationPlatforms) = preSolution
		Debug|Any CPU = Debug|Any CPU
		Release|Any CPU = Release|Any CPU
	EndGlobalSection
	GlobalSection(ProjectConfigurationPlatforms) = postSolution
		{D5AE6267-6786-4782-B465-988C6A561166}.Debug|Any CPU.ActiveCfg = Debug|Any CPU
		{D5AE6267-6786-4782-B465-988C6A561166}.Debug|Any CPU.Build.0 = Debug|Any CPU
		{D5AE6267-6786-4782-B465-988C6A561166}.Release|Any CPU.ActiveCfg = Release|Any CPU
		{D5AE6267-6786-4782-B465-988C6A561166}.Release|Any CPU.Build.0 = Release|Any CPU
	EndGlobalSection
	GlobalSection(SolutionProperties) = preSolution
		HideSolutionNode = FALSE
	EndGlobalSection
	GlobalSection(ExtensibilityGlobals) = postSolution
		SolutionGuid = {A01E8058-3B24-4B46-B269-A7304AE1E47A}
	EndGlobalSection
EndGlobal
